
Microsoft Visual Studio Solution File, Format Version 12.00
# Visual Studio 15
VisualStudioVersion = 15.0.27428.2037
MinimumVisualStudioVersion = 10.0.40219.1
Project("{9A19103F-16F7-4668-BE54-9A1E7A4F7556}") = "ASC.Web", "ASC.Web\ASC.Web.csproj", "{4AB7FF97-2A25-4ECC-A7A8-6B6B985C00BE}"
EndProject
Project("{9A19103F-16F7-4668-BE54-9A1E7A4F7556}") = "ASC.DataAccess", "ASC.DataAccess\ASC.DataAccess.csproj", "{0E4A916F-E12E-42DB-8703-6D0D899A3F51}"
EndProject
Project("{9A19103F-16F7-4668-BE54-9A1E7A4F7556}") = "ASC.Models", "ASC.Models\ASC.Models.csproj", "{AC55FF93-B1EE-4B7C-93DA-0FC163836AAD}"
EndProject
Project("{9A19103F-16F7-4668-BE54-9A1E7A4F7556}") = "ASC.Utilities", "ASC.Utilities\ASC.Utilities.csproj", "{F8F7A818-7EB5-4BF2-923E-992D204683FD}"
EndProject
Project("{9A19103F-16F7-4668-BE54-9A1E7A4F7556}") = "ASC.Tests", "ASC.Tests\ASC.Tests.csproj", "{F2788278-526D-4170-95B7-F8C2968B5D94}"
EndProject
Project("{FAE04EC0-301F-11D3-BF4B-00C04F79EFBC}") = "ASC.Business", "ASC.Business\ASC.Business.csproj", "{55052FFB-0528-43C0-8FCA-796372F576F0}"
EndProject
Global
	GlobalSection(SolutionConfigurationPlatforms) = preSolution
		Debug|Any CPU = Debug|Any CPU
		Release|Any CPU = Release|Any CPU
	EndGlobalSection
	GlobalSection(ProjectConfigurationPlatforms) = postSolution
		{4AB7FF97-2A25-4ECC-A7A8-6B6B985C00BE}.Debug|Any CPU.ActiveCfg = Debug|Any CPU
		{4AB7FF97-2A25-4ECC-A7A8-6B6B985C00BE}.Debug|Any CPU.Build.0 = Debug|Any CPU
		{4AB7FF97-2A25-4ECC-A7A8-6B6B985C00BE}.Release|Any CPU.ActiveCfg = Release|Any CPU
		{4AB7FF97-2A25-4ECC-A7A8-6B6B985C00BE}.Release|Any CPU.Build.0 = Release|Any CPU
		{0E4A916F-E12E-42DB-8703-6D0D899A3F51}.Debug|Any CPU.ActiveCfg = Debug|Any CPU
		{0E4A916F-E12E-42DB-8703-6D0D899A3F51}.Debug|Any CPU.Build.0 = Debug|Any CPU
		{0E4A916F-E12E-42DB-8703-6D0D899A3F51}.Release|Any CPU.ActiveCfg = Release|Any CPU
		{0E4A916F-E12E-42DB-8703-6D0D899A3F51}.Release|Any CPU.Build.0 = Release|Any CPU
		{AC55FF93-B1EE-4B7C-93DA-0FC163836AAD}.Debug|Any CPU.ActiveCfg = Debug|Any CPU
		{AC55FF93-B1EE-4B7C-93DA-0FC163836AAD}.Debug|Any CPU.Build.0 = Debug|Any CPU
		{AC55FF93-B1EE-4B7C-93DA-0FC163836AAD}.Release|Any CPU.ActiveCfg = Release|Any CPU
		{AC55FF93-B1EE-4B7C-93DA-0FC163836AAD}.Release|Any CPU.Build.0 = Release|Any CPU
		{F8F7A818-7EB5-4BF2-923E-992D204683FD}.Debug|Any CPU.ActiveCfg = Debug|Any CPU
		{F8F7A818-7EB5-4BF2-923E-992D204683FD}.Debug|Any CPU.Build.0 = Debug|Any CPU
		{F8F7A818-7EB5-4BF2-923E-992D204683FD}.Release|Any CPU.ActiveCfg = Release|Any CPU
		{F8F7A818-7EB5-4BF2-923E-992D204683FD}.Release|Any CPU.Build.0 = Release|Any CPU
		{F2788278-526D-4170-95B7-F8C2968B5D94}.Debug|Any CPU.ActiveCfg = Debug|Any CPU
		{F2788278-526D-4170-95B7-F8C2968B5D94}.Debug|Any CPU.Build.0 = Debug|Any CPU
		{F2788278-526D-4170-95B7-F8C2968B5D94}.Release|Any CPU.ActiveCfg = Release|Any CPU
		{F2788278-526D-4170-95B7-F8C2968B5D94}.Release|Any CPU.Build.0 = Release|Any CPU
		{55052FFB-0528-43C0-8FCA-796372F576F0}.Debug|Any CPU.ActiveCfg = Debug|Any CPU
		{55052FFB-0528-43C0-8FCA-796372F576F0}.Debug|Any CPU.Build.0 = Debug|Any CPU
		{55052FFB-0528-43C0-8FCA-796372F576F0}.Release|Any CPU.ActiveCfg = Release|Any CPU
		{55052FFB-0528-43C0-8FCA-796372F576F0}.Release|Any CPU.Build.0 = Release|Any CPU
	EndGlobalSection
	GlobalSection(SolutionProperties) = preSolution
		HideSolutionNode = FALSE
	EndGlobalSection
	GlobalSection(ExtensibilityGlobals) = postSolution
		SolutionGuid = {B9534FD5-1FAC-4AEE-9434-71771A1A5763}
	EndGlobalSection
EndGlobal
